
Microsoft Visual Studio Solution File, Format Version 12.00
# Visual Studio Version 16
VisualStudioVersion = 16.0.29215.179
MinimumVisualStudioVersion = 10.0.40219.1
Project("{FAE04EC0-301F-11D3-BF4B-00C04F79EFBC}") = "UlamekAsClassLib", "Ulamek\UlamekAsClassLib.csproj", "{F8288B49-803E-4FCB-B5B0-FD68555A1FC1}"
EndProject
Project("{FAE04EC0-301F-11D3-BF4B-00C04F79EFBC}") = "UlamekAsClassUnitTest", "UlamekAsClassUnitTest\UlamekAsClassUnitTest.csproj", "{3335C00B-64FE-4F8E-9250-3A99D4918A76}"
EndProject
Project("{FAE04EC0-301F-11D3-BF4B-00C04F79EFBC}") = "UlamekConsoleAppDemo", "UlamekConsoleAppDemo\UlamekConsoleAppDemo.csproj", "{C5576F51-521F-45EF-B1B2-BEE57568FAE4}"
EndProject
Global
	GlobalSection(SolutionConfigurationPlatforms) = preSolution
		Debug|Any CPU = Debug|Any CPU
		Release|Any CPU = Release|Any CPU
	EndGlobalSection
	GlobalSection(ProjectConfigurationPlatforms) = postSolution
		{F8288B49-803E-4FCB-B5B0-FD68555A1FC1}.Debug|Any CPU.ActiveCfg = Debug|Any CPU
		{F8288B49-803E-4FCB-B5B0-FD68555A1FC1}.Debug|Any CPU.Build.0 = Debug|Any CPU
		{F8288B49-803E-4FCB-B5B0-FD68555A1FC1}.Release|Any CPU.ActiveCfg = Release|Any CPU
		{F8288B49-803E-4FCB-B5B0-FD68555A1FC1}.Release|Any CPU.Build.0 = Release|Any CPU
		{3335C00B-64FE-4F8E-9250-3A99D4918A76}.Debug|Any CPU.ActiveCfg = Debug|Any CPU
		{3335C00B-64FE-4F8E-9250-3A99D4918A76}.Debug|Any CPU.Build.0 = Debug|Any CPU
		{3335C00B-64FE-4F8E-9250-3A99D4918A76}.Release|Any CPU.ActiveCfg = Release|Any CPU
		{3335C00B-64FE-4F8E-9250-3A99D4918A76}.Release|Any CPU.Build.0 = Release|Any CPU
		{C5576F51-521F-45EF-B1B2-BEE57568FAE4}.Debug|Any CPU.ActiveCfg = Debug|Any CPU
		{C5576F51-521F-45EF-B1B2-BEE57568FAE4}.Debug|Any CPU.Build.0 = Debug|Any CPU
		{C5576F51-521F-45EF-B1B2-BEE57568FAE4}.Release|Any CPU.ActiveCfg = Release|Any CPU
		{C5576F51-521F-45EF-B1B2-BEE57568FAE4}.Release|Any CPU.Build.0 = Release|Any CPU
	EndGlobalSection
	GlobalSection(SolutionProperties) = preSolution
		HideSolutionNode = FALSE
	EndGlobalSection
	GlobalSection(ExtensibilityGlobals) = postSolution
		SolutionGuid = {CE85C551-6BBF-4A7E-BD36-05D57FEF36C4}
	EndGlobalSection
EndGlobal
